
Microsoft Visual Studio Solution File, Format Version 12.00
# Visual Studio Version 17
VisualStudioVersion = 17.0.32014.148
MinimumVisualStudioVersion = 10.0.40219.1
Project("{FAE04EC0-301F-11D3-BF4B-00C04F79EFBC}") = "DiscordBot", "DiscordBot.csproj", "{F7DD3C18-A3A3-46EA-A076-D8E7119D45B9}"
EndProject
Global
	GlobalSection(SolutionConfigurationPlatforms) = preSolution
		Debug|Any CPU = Debug|Any CPU
		Release|Any CPU = Release|Any CPU
	EndGlobalSection
	GlobalSection(ProjectConfigurationPlatforms) = postSolution
		{F7DD3C18-A3A3-46EA-A076-D8E7119D45B9}.Debug|Any CPU.ActiveCfg = Debug|Any CPU
		{F7DD3C18-A3A3-46EA-A076-D8E7119D45B9}.Debug|Any CPU.Build.0 = Debug|Any CPU
		{F7DD3C18-A3A3-46EA-A076-D8E7119D45B9}.Release|Any CPU.ActiveCfg = Release|Any CPU
		{F7DD3C18-A3A3-46EA-A076-D8E7119D45B9}.Release|Any CPU.Build.0 = Release|Any CPU
	EndGlobalSection
	GlobalSection(SolutionProperties) = preSolution
		HideSolutionNode = FALSE
	EndGlobalSection
	GlobalSection(ExtensibilityGlobals) = postSolution
		SolutionGuid = {18ECD4AA-75B3-4D37-81DA-80390D7DF949}
	EndGlobalSection
EndGlobal
